
Microsoft Visual Studio Solution File, Format Version 12.00
# Visual Studio 15
VisualStudioVersion = 15.0.26430.16
MinimumVisualStudioVersion = 10.0.40219.1
Project("{FAE04EC0-301F-11D3-BF4B-00C04F79EFBC}") = "ImageProcessingService", "ImageProcessingService\ImageProcessingService.csproj", "{C46D33C7-81D7-4EFE-8229-31945576B5A7}"
EndProject
Project("{FAE04EC0-301F-11D3-BF4B-00C04F79EFBC}") = "WingkouWeb", "WingkouWeb\WingkouWeb.csproj", "{99E2C75D-D8DE-441C-9CD9-74152B1E34CC}"
	ProjectSection(ProjectDependencies) = postProject
		{C46D33C7-81D7-4EFE-8229-31945576B5A7} = {C46D33C7-81D7-4EFE-8229-31945576B5A7}
	EndProjectSection
EndProject
Project("{FAE04EC0-301F-11D3-BF4B-00C04F79EFBC}") = "ImageProcessingServiceTest", "ImageProcessingServiceTest\ImageProcessingServiceTest.csproj", "{59273CC2-ECEE-4769-8B15-4B90D0EC8181}"
EndProject
Project("{FAE04EC0-301F-11D3-BF4B-00C04F79EFBC}") = "ImageProcessingServicePlugin", "ImageProcessingServicePlugin\ImageProcessingServicePlugin.csproj", "{54C850D1-0A1D-4859-B6AB-03A3FAE919FF}"
EndProject
Project("{2150E333-8FDC-42A3-9474-1A3956D46DE8}") = "Service", "Service", "{B2E765C8-F290-4939-BC16-B0F05B547CBA}"
EndProject
Project("{2150E333-8FDC-42A3-9474-1A3956D46DE8}") = "Plugin", "Plugin", "{F6488583-278A-45E2-A0A9-9EC6ADD61C33}"
EndProject
Project("{FAE04EC0-301F-11D3-BF4B-00C04F79EFBC}") = "IPSPRaw", "IPSPRaw\IPSPRaw.csproj", "{E6D825A8-DC15-407B-B805-91F7B06C49F0}"
EndProject
Project("{FAE04EC0-301F-11D3-BF4B-00C04F79EFBC}") = "IPSPHRUT", "IPSPHRUT\IPSPHRUT.csproj", "{F2D625C8-F633-4341-B027-BCB8DFDC05EB}"
EndProject
Global
	GlobalSection(SolutionConfigurationPlatforms) = preSolution
		Debug|Any CPU = Debug|Any CPU
		Release|Any CPU = Release|Any CPU
	EndGlobalSection
	GlobalSection(ProjectConfigurationPlatforms) = postSolution
		{C46D33C7-81D7-4EFE-8229-31945576B5A7}.Debug|Any CPU.ActiveCfg = Debug|Any CPU
		{C46D33C7-81D7-4EFE-8229-31945576B5A7}.Debug|Any CPU.Build.0 = Debug|Any CPU
		{C46D33C7-81D7-4EFE-8229-31945576B5A7}.Release|Any CPU.ActiveCfg = Release|Any CPU
		{C46D33C7-81D7-4EFE-8229-31945576B5A7}.Release|Any CPU.Build.0 = Release|Any CPU
		{99E2C75D-D8DE-441C-9CD9-74152B1E34CC}.Debug|Any CPU.ActiveCfg = Debug|Any CPU
		{99E2C75D-D8DE-441C-9CD9-74152B1E34CC}.Debug|Any CPU.Build.0 = Debug|Any CPU
		{99E2C75D-D8DE-441C-9CD9-74152B1E34CC}.Release|Any CPU.ActiveCfg = Release|Any CPU
		{99E2C75D-D8DE-441C-9CD9-74152B1E34CC}.Release|Any CPU.Build.0 = Release|Any CPU
		{59273CC2-ECEE-4769-8B15-4B90D0EC8181}.Debug|Any CPU.ActiveCfg = Debug|Any CPU
		{59273CC2-ECEE-4769-8B15-4B90D0EC8181}.Debug|Any CPU.Build.0 = Debug|Any CPU
		{59273CC2-ECEE-4769-8B15-4B90D0EC8181}.Release|Any CPU.ActiveCfg = Release|Any CPU
		{59273CC2-ECEE-4769-8B15-4B90D0EC8181}.Release|Any CPU.Build.0 = Release|Any CPU
		{54C850D1-0A1D-4859-B6AB-03A3FAE919FF}.Debug|Any CPU.ActiveCfg = Debug|Any CPU
		{54C850D1-0A1D-4859-B6AB-03A3FAE919FF}.Debug|Any CPU.Build.0 = Debug|Any CPU
		{54C850D1-0A1D-4859-B6AB-03A3FAE919FF}.Release|Any CPU.ActiveCfg = Release|Any CPU
		{54C850D1-0A1D-4859-B6AB-03A3FAE919FF}.Release|Any CPU.Build.0 = Release|Any CPU
		{E6D825A8-DC15-407B-B805-91F7B06C49F0}.Debug|Any CPU.ActiveCfg = Debug|Any CPU
		{E6D825A8-DC15-407B-B805-91F7B06C49F0}.Debug|Any CPU.Build.0 = Debug|Any CPU
		{E6D825A8-DC15-407B-B805-91F7B06C49F0}.Release|Any CPU.ActiveCfg = Release|Any CPU
		{E6D825A8-DC15-407B-B805-91F7B06C49F0}.Release|Any CPU.Build.0 = Release|Any CPU
		{F2D625C8-F633-4341-B027-BCB8DFDC05EB}.Debug|Any CPU.ActiveCfg = Debug|Any CPU
		{F2D625C8-F633-4341-B027-BCB8DFDC05EB}.Debug|Any CPU.Build.0 = Debug|Any CPU
		{F2D625C8-F633-4341-B027-BCB8DFDC05EB}.Release|Any CPU.ActiveCfg = Release|Any CPU
		{F2D625C8-F633-4341-B027-BCB8DFDC05EB}.Release|Any CPU.Build.0 = Release|Any CPU
	EndGlobalSection
	GlobalSection(SolutionProperties) = preSolution
		HideSolutionNode = FALSE
	EndGlobalSection
	GlobalSection(NestedProjects) = preSolution
		{C46D33C7-81D7-4EFE-8229-31945576B5A7} = {B2E765C8-F290-4939-BC16-B0F05B547CBA}
		{59273CC2-ECEE-4769-8B15-4B90D0EC8181} = {B2E765C8-F290-4939-BC16-B0F05B547CBA}
		{54C850D1-0A1D-4859-B6AB-03A3FAE919FF} = {B2E765C8-F290-4939-BC16-B0F05B547CBA}
		{F6488583-278A-45E2-A0A9-9EC6ADD61C33} = {B2E765C8-F290-4939-BC16-B0F05B547CBA}
		{E6D825A8-DC15-407B-B805-91F7B06C49F0} = {F6488583-278A-45E2-A0A9-9EC6ADD61C33}
		{F2D625C8-F633-4341-B027-BCB8DFDC05EB} = {F6488583-278A-45E2-A0A9-9EC6ADD61C33}
	EndGlobalSection
EndGlobal
